
Microsoft Visual Studio Solution File, Format Version 12.00
# Visual Studio Version 17
VisualStudioVersion = 17.9.34622.214
MinimumVisualStudioVersion = 10.0.40219.1
Project("{9A19103F-16F7-4668-BE54-9A1E7A4F7556}") = "MenuChooser", "MenuChooser.csproj", "{06AC89D2-DA46-48F0-A50E-66A797C8695B}"
EndProject
Project("{9A19103F-16F7-4668-BE54-9A1E7A4F7556}") = "Email", "..\Email\Email.csproj", "{B24629EC-F851-4893-BEFE-625995BE3885}"
EndProject
Project("{9A19103F-16F7-4668-BE54-9A1E7A4F7556}") = "Users", "..\Users\Users.csproj", "{96F8BF7E-CDE0-4317-951F-0049FB09C5B1}"
EndProject
Project("{9A19103F-16F7-4668-BE54-9A1E7A4F7556}") = "Database", "..\Database\Database.csproj", "{57545679-F72D-4C42-93B9-614D81C6DACF}"
EndProject
Project("{FAE04EC0-301F-11D3-BF4B-00C04F79EFBC}") = "Account", "..\Account\Account.csproj", "{072B71E6-BC32-4B7A-9FE0-89AC8D52A59A}"
EndProject
Global
	GlobalSection(SolutionConfigurationPlatforms) = preSolution
		Debug|Any CPU = Debug|Any CPU
		Release|Any CPU = Release|Any CPU
	EndGlobalSection
	GlobalSection(ProjectConfigurationPlatforms) = postSolution
		{06AC89D2-DA46-48F0-A50E-66A797C8695B}.Debug|Any CPU.ActiveCfg = Debug|Any CPU
		{06AC89D2-DA46-48F0-A50E-66A797C8695B}.Debug|Any CPU.Build.0 = Debug|Any CPU
		{06AC89D2-DA46-48F0-A50E-66A797C8695B}.Release|Any CPU.ActiveCfg = Release|Any CPU
		{06AC89D2-DA46-48F0-A50E-66A797C8695B}.Release|Any CPU.Build.0 = Release|Any CPU
		{B24629EC-F851-4893-BEFE-625995BE3885}.Debug|Any CPU.ActiveCfg = Debug|Any CPU
		{B24629EC-F851-4893-BEFE-625995BE3885}.Debug|Any CPU.Build.0 = Debug|Any CPU
		{B24629EC-F851-4893-BEFE-625995BE3885}.Release|Any CPU.ActiveCfg = Release|Any CPU
		{B24629EC-F851-4893-BEFE-625995BE3885}.Release|Any CPU.Build.0 = Release|Any CPU
		{96F8BF7E-CDE0-4317-951F-0049FB09C5B1}.Debug|Any CPU.ActiveCfg = Debug|Any CPU
		{96F8BF7E-CDE0-4317-951F-0049FB09C5B1}.Debug|Any CPU.Build.0 = Debug|Any CPU
		{96F8BF7E-CDE0-4317-951F-0049FB09C5B1}.Release|Any CPU.ActiveCfg = Release|Any CPU
		{96F8BF7E-CDE0-4317-951F-0049FB09C5B1}.Release|Any CPU.Build.0 = Release|Any CPU
		{57545679-F72D-4C42-93B9-614D81C6DACF}.Debug|Any CPU.ActiveCfg = Debug|Any CPU
		{57545679-F72D-4C42-93B9-614D81C6DACF}.Debug|Any CPU.Build.0 = Debug|Any CPU
		{57545679-F72D-4C42-93B9-614D81C6DACF}.Release|Any CPU.ActiveCfg = Release|Any CPU
		{57545679-F72D-4C42-93B9-614D81C6DACF}.Release|Any CPU.Build.0 = Release|Any CPU
		{072B71E6-BC32-4B7A-9FE0-89AC8D52A59A}.Debug|Any CPU.ActiveCfg = Debug|Any CPU
		{072B71E6-BC32-4B7A-9FE0-89AC8D52A59A}.Debug|Any CPU.Build.0 = Debug|Any CPU
		{072B71E6-BC32-4B7A-9FE0-89AC8D52A59A}.Release|Any CPU.ActiveCfg = Release|Any CPU
		{072B71E6-BC32-4B7A-9FE0-89AC8D52A59A}.Release|Any CPU.Build.0 = Release|Any CPU
	EndGlobalSection
	GlobalSection(SolutionProperties) = preSolution
		HideSolutionNode = FALSE
	EndGlobalSection
	GlobalSection(ExtensibilityGlobals) = postSolution
		SolutionGuid = {02321A44-6191-4034-82F5-57CB7E159A9B}
	EndGlobalSection
EndGlobal
